// !$*UTF8*$!
{
	archiveVersion = 1;
	classes = {
	};
	objectVersion = 46;
	objects = {

/* Begin PBXBuildFile section */
		7867B0CA1C322E000001115D /* sad.png in Resources */ = {isa = PBXBuildFile; fileRef = 7867B0C91C322E000001115D /* sad.png */; };
		78B282961C3086C300EA579A /* Main.storyboard in Resources */ = {isa = PBXBuildFile; fileRef = 78B282941C3086C300EA579A /* Main.storyboard */; };
		78B2829F1C308A5100EA579A /* RouteTableViewController.m in Sources */ = {isa = PBXBuildFile; fileRef = 78B2829E1C308A5100EA579A /* RouteTableViewController.m */; };
		78B282A11C308AA700EA579A /* WindowsAzureMobileServices.framework in Frameworks */ = {isa = PBXBuildFile; fileRef = 78B282A01C308AA700EA579A /* WindowsAzureMobileServices.framework */; };
		78B282A41C30D37200EA579A /* Route.m in Sources */ = {isa = PBXBuildFile; fileRef = 78B282A31C30D37200EA579A /* Route.m */; };
		78B282A71C30D6EC00EA579A /* Schedule.m in Sources */ = {isa = PBXBuildFile; fileRef = 78B282A61C30D6EC00EA579A /* Schedule.m */; };
		78B282AA1C30D75400EA579A /* ScheduleTableViewController.m in Sources */ = {isa = PBXBuildFile; fileRef = 78B282A91C30D75400EA579A /* ScheduleTableViewController.m */; };
		78B282B61C30EEDE00EA579A /* calendar0.png in Resources */ = {isa = PBXBuildFile; fileRef = 78B282AB1C30EEDE00EA579A /* calendar0.png */; };
		78B282B71C30EEDE00EA579A /* calendar1.png in Resources */ = {isa = PBXBuildFile; fileRef = 78B282AC1C30EEDE00EA579A /* calendar1.png */; };
		78B282B81C30EEDE00EA579A /* calendar2.png in Resources */ = {isa = PBXBuildFile; fileRef = 78B282AD1C30EEDE00EA579A /* calendar2.png */; };
		78B282B91C30EEDE00EA579A /* calendar3.png in Resources */ = {isa = PBXBuildFile; fileRef = 78B282AE1C30EEDE00EA579A /* calendar3.png */; };
		78B282BA1C30EEDE00EA579A /* calendar4.png in Resources */ = {isa = PBXBuildFile; fileRef = 78B282AF1C30EEDE00EA579A /* calendar4.png */; };
		78B282BB1C30EEDE00EA579A /* calendar5.png in Resources */ = {isa = PBXBuildFile; fileRef = 78B282B01C30EEDE00EA579A /* calendar5.png */; };
		78B282BC1C30EEDE00EA579A /* calendar6.png in Resources */ = {isa = PBXBuildFile; fileRef = 78B282B11C30EEDE00EA579A /* calendar6.png */; };
		78B282BD1C30EEDE00EA579A /* calendar7.png in Resources */ = {isa = PBXBuildFile; fileRef = 78B282B21C30EEDE00EA579A /* calendar7.png */; };
		78B282BE1C30EEDE00EA579A /* calendar8.png in Resources */ = {isa = PBXBuildFile; fileRef = 78B282B31C30EEDE00EA579A /* calendar8.png */; };
		78B282BF1C30EEDE00EA579A /* calendar9.png in Resources */ = {isa = PBXBuildFile; fileRef = 78B282B41C30EEDE00EA579A /* calendar9.png */; };
		78B282C01C30EEDE00EA579A /* calendar10.png in Resources */ = {isa = PBXBuildFile; fileRef = 78B282B51C30EEDE00EA579A /* calendar10.png */; };
		78B282C31C30F8C300EA579A /* RoutePath.m in Sources */ = {isa = PBXBuildFile; fileRef = 78B282C21C30F8C300EA579A /* RoutePath.m */; };
		78B282C61C30FA6200EA579A /* RoutePathTableViewController.m in Sources */ = {isa = PBXBuildFile; fileRef = 78B282C51C30FA6200EA579A /* RoutePathTableViewController.m */; };
		78B282C91C30FE7200EA579A /* HourDescriptionTableViewCell.m in Sources */ = {isa = PBXBuildFile; fileRef = 78B282C81C30FE7200EA579A /* HourDescriptionTableViewCell.m */; };
		78B323531C31A7540031A315 /* CompaniesCategory.m in Sources */ = {isa = PBXBuildFile; fileRef = 78B323521C31A7540031A315 /* CompaniesCategory.m */; };
		78B323561C31A7B20031A315 /* CompaniesCategoryTableViewController.m in Sources */ = {isa = PBXBuildFile; fileRef = 78B323551C31A7B20031A315 /* CompaniesCategoryTableViewController.m */; };
		78B323591C31ADC40031A315 /* picture_removed.png in Resources */ = {isa = PBXBuildFile; fileRef = 78B323571C31ADC40031A315 /* picture_removed.png */; };
		78B3235A1C31ADC40031A315 /* picture.png in Resources */ = {isa = PBXBuildFile; fileRef = 78B323581C31ADC40031A315 /* picture.png */; };
		78B3235D1C31B1E60031A315 /* CompaniesTableViewController.m in Sources */ = {isa = PBXBuildFile; fileRef = 78B3235C1C31B1E60031A315 /* CompaniesTableViewController.m */; };
		78B323601C31B2970031A315 /* Company.m in Sources */ = {isa = PBXBuildFile; fileRef = 78B3235F1C31B2970031A315 /* Company.m */; };
		78B323631C31B3A70031A315 /* CompanyTableViewCell.m in Sources */ = {isa = PBXBuildFile; fileRef = 78B323621C31B3A70031A315 /* CompanyTableViewCell.m */; };
		78B323661C31B8550031A315 /* map.png in Resources */ = {isa = PBXBuildFile; fileRef = 78B323641C31B8550031A315 /* map.png */; };
		78B323671C31B8550031A315 /* phone.png in Resources */ = {isa = PBXBuildFile; fileRef = 78B323651C31B8550031A315 /* phone.png */; };
		78BAFBBA1C2F454500FEF250 /* main.m in Sources */ = {isa = PBXBuildFile; fileRef = 78BAFBB91C2F454500FEF250 /* main.m */; };
		78BAFBBD1C2F454500FEF250 /* AppDelegate.m in Sources */ = {isa = PBXBuildFile; fileRef = 78BAFBBC1C2F454500FEF250 /* AppDelegate.m */; };
		78BAFBC51C2F454500FEF250 /* Assets.xcassets in Resources */ = {isa = PBXBuildFile; fileRef = 78BAFBC41C2F454500FEF250 /* Assets.xcassets */; };
		78BAFBC81C2F454500FEF250 /* LaunchScreen.storyboard in Resources */ = {isa = PBXBuildFile; fileRef = 78BAFBC61C2F454500FEF250 /* LaunchScreen.storyboard */; };
		78BAFBD31C2F454500FEF250 /* CarriotTests.m in Sources */ = {isa = PBXBuildFile; fileRef = 78BAFBD21C2F454500FEF250 /* CarriotTests.m */; };
		78BAFBDE1C2F454500FEF250 /* CarriotUITests.m in Sources */ = {isa = PBXBuildFile; fileRef = 78BAFBDD1C2F454500FEF250 /* CarriotUITests.m */; };
		78BAFBEE1C2F45F500FEF250 /* OptionTableViewCell.m in Sources */ = {isa = PBXBuildFile; fileRef = 78BAFBED1C2F45F500FEF250 /* OptionTableViewCell.m */; };
		78BAFBF51C2F46F500FEF250 /* OptionTableViewController.m in Sources */ = {isa = PBXBuildFile; fileRef = 78BAFBF41C2F46F500FEF250 /* OptionTableViewController.m */; };
		78EAE34C1C2FA92100EC494D /* bus0.png in Resources */ = {isa = PBXBuildFile; fileRef = 78EAE3491C2FA92100EC494D /* bus0.png */; };
		78EAE34D1C2FA92100EC494D /* bus1.png in Resources */ = {isa = PBXBuildFile; fileRef = 78EAE34A1C2FA92100EC494D /* bus1.png */; };
		78EAE34E1C2FA92100EC494D /* iglesia.png in Resources */ = {isa = PBXBuildFile; fileRef = 78EAE34B1C2FA92100EC494D /* iglesia.png */; };
		78EAE3551C2FAF5F00EC494D /* church.png in Resources */ = {isa = PBXBuildFile; fileRef = 78EAE3511C2FAF5F00EC494D /* church.png */; };
		78EAE3561C2FAF5F00EC494D /* event.png in Resources */ = {isa = PBXBuildFile; fileRef = 78EAE3521C2FAF5F00EC494D /* event.png */; };
		78EAE3571C2FAF5F00EC494D /* news.png in Resources */ = {isa = PBXBuildFile; fileRef = 78EAE3531C2FAF5F00EC494D /* news.png */; };
		78EAE3581C2FAF5F00EC494D /* trash.png in Resources */ = {isa = PBXBuildFile; fileRef = 78EAE3541C2FAF5F00EC494D /* trash.png */; };
		78EAE35F1C2FAF9500EC494D /* building.png in Resources */ = {isa = PBXBuildFile; fileRef = 78EAE3591C2FAF9500EC494D /* building.png */; };
		78EAE3601C2FAF9500EC494D /* facebook.png in Resources */ = {isa = PBXBuildFile; fileRef = 78EAE35A1C2FAF9500EC494D /* facebook.png */; };
		78EAE3611C2FAF9500EC494D /* history.png in Resources */ = {isa = PBXBuildFile; fileRef = 78EAE35B1C2FAF9500EC494D /* history.png */; };
		78EAE3621C2FAF9500EC494D /* message.png in Resources */ = {isa = PBXBuildFile; fileRef = 78EAE35C1C2FAF9500EC494D /* message.png */; };
		78EAE3631C2FAF9500EC494D /* routes.png in Resources */ = {isa = PBXBuildFile; fileRef = 78EAE35D1C2FAF9500EC494D /* routes.png */; };
		78EAE3641C2FAF9500EC494D /* website.png in Resources */ = {isa = PBXBuildFile; fileRef = 78EAE35E1C2FAF9500EC494D /* website.png */; };
		78EAE3681C2FAFF600EC494D /* Option.m in Sources */ = {isa = PBXBuildFile; fileRef = 78EAE3671C2FAFF600EC494D /* Option.m */; };
		78EAE36A1C2FB0DF00EC494D /* resources.plist in Resources */ = {isa = PBXBuildFile; fileRef = 78EAE3691C2FB0DF00EC494D /* resources.plist */; };
/* End PBXBuildFile section */

/* Begin PBXContainerItemProxy section */
		78BAFBCF1C2F454500FEF250 /* PBXContainerItemProxy */ = {
			isa = PBXContainerItemProxy;
			containerPortal = 78BAFBAD1C2F454500FEF250 /* Project object */;
			proxyType = 1;
			remoteGlobalIDString = 78BAFBB41C2F454500FEF250;
			remoteInfo = Carriot;
		};
		78BAFBDA1C2F454500FEF250 /* PBXContainerItemProxy */ = {
			isa = PBXContainerItemProxy;
			containerPortal = 78BAFBAD1C2F454500FEF250 /* Project object */;
			proxyType = 1;
			remoteGlobalIDString = 78BAFBB41C2F454500FEF250;
			remoteInfo = Carriot;
		};
/* End PBXContainerItemProxy section */

/* Begin PBXFileReference section */
		7867B0C91C322E000001115D /* sad.png */ = {isa = PBXFileReference; lastKnownFileType = image.png; path = sad.png; sourceTree = "<group>"; };
		78B282951C3086C300EA579A /* Base */ = {isa = PBXFileReference; lastKnownFileType = file.storyboard; name = Base; path = Base.lproj/Main.storyboard; sourceTree = "<group>"; };
		78B2829D1C308A5100EA579A /* RouteTableViewController.h */ = {isa = PBXFileReference; fileEncoding = 4; lastKnownFileType = sourcecode.c.h; path = RouteTableViewController.h; sourceTree = "<group>"; };
		78B2829E1C308A5100EA579A /* RouteTableViewController.m */ = {isa = PBXFileReference; fileEncoding = 4; lastKnownFileType = sourcecode.c.objc; path = RouteTableViewController.m; sourceTree = "<group>"; };
		78B282A01C308AA700EA579A /* WindowsAzureMobileServices.framework */ = {isa = PBXFileReference; lastKnownFileType = wrapper.framework; path = WindowsAzureMobileServices.framework; sourceTree = "<group>"; };
		78B282A21C30D37200EA579A /* Route.h */ = {isa = PBXFileReference; fileEncoding = 4; lastKnownFileType = sourcecode.c.h; path = Route.h; sourceTree = "<group>"; };
		78B282A31C30D37200EA579A /* Route.m */ = {isa = PBXFileReference; fileEncoding = 4; lastKnownFileType = sourcecode.c.objc; path = Route.m; sourceTree = "<group>"; };
		78B282A51C30D6EC00EA579A /* Schedule.h */ = {isa = PBXFileReference; fileEncoding = 4; lastKnownFileType = sourcecode.c.h; path = Schedule.h; sourceTree = "<group>"; };
		78B282A61C30D6EC00EA579A /* Schedule.m */ = {isa = PBXFileReference; fileEncoding = 4; lastKnownFileType = sourcecode.c.objc; path = Schedule.m; sourceTree = "<group>"; };
		78B282A81C30D75400EA579A /* ScheduleTableViewController.h */ = {isa = PBXFileReference; fileEncoding = 4; lastKnownFileType = sourcecode.c.h; path = ScheduleTableViewController.h; sourceTree = "<group>"; };
		78B282A91C30D75400EA579A /* ScheduleTableViewController.m */ = {isa = PBXFileReference; fileEncoding = 4; lastKnownFileType = sourcecode.c.objc; path = ScheduleTableViewController.m; sourceTree = "<group>"; };
		78B282AB1C30EEDE00EA579A /* calendar0.png */ = {isa = PBXFileReference; lastKnownFileType = image.png; path = calendar0.png; sourceTree = "<group>"; };
		78B282AC1C30EEDE00EA579A /* calendar1.png */ = {isa = PBXFileReference; lastKnownFileType = image.png; path = calendar1.png; sourceTree = "<group>"; };
		78B282AD1C30EEDE00EA579A /* calendar2.png */ = {isa = PBXFileReference; lastKnownFileType = image.png; path = calendar2.png; sourceTree = "<group>"; };
		78B282AE1C30EEDE00EA579A /* calendar3.png */ = {isa = PBXFileReference; lastKnownFileType = image.png; path = calendar3.png; sourceTree = "<group>"; };
		78B282AF1C30EEDE00EA579A /* calendar4.png */ = {isa = PBXFileReference; lastKnownFileType = image.png; path = calendar4.png; sourceTree = "<group>"; };
		78B282B01C30EEDE00EA579A /* calendar5.png */ = {isa = PBXFileReference; lastKnownFileType = image.png; path = calendar5.png; sourceTree = "<group>"; };
		78B282B11C30EEDE00EA579A /* calendar6.png */ = {isa = PBXFileReference; lastKnownFileType = image.png; path = calendar6.png; sourceTree = "<group>"; };
		78B282B21C30EEDE00EA579A /* calendar7.png */ = {isa = PBXFileReference; lastKnownFileType = image.png; path = calendar7.png; sourceTree = "<group>"; };
		78B282B31C30EEDE00EA579A /* calendar8.png */ = {isa = PBXFileReference; lastKnownFileType = image.png; path = calendar8.png; sourceTree = "<group>"; };
		78B282B41C30EEDE00EA579A /* calendar9.png */ = {isa = PBXFileReference; lastKnownFileType = image.png; path = calendar9.png; sourceTree = "<group>"; };
		78B282B51C30EEDE00EA579A /* calendar10.png */ = {isa = PBXFileReference; lastKnownFileType = image.png; path = calendar10.png; sourceTree = "<group>"; };
		78B282C11C30F8C300EA579A /* RoutePath.h */ = {isa = PBXFileReference; fileEncoding = 4; lastKnownFileType = sourcecode.c.h; path = RoutePath.h; sourceTree = "<group>"; };
		78B282C21C30F8C300EA579A /* RoutePath.m */ = {isa = PBXFileReference; fileEncoding = 4; lastKnownFileType = sourcecode.c.objc; path = RoutePath.m; sourceTree = "<group>"; };
		78B282C41C30FA6200EA579A /* RoutePathTableViewController.h */ = {isa = PBXFileReference; fileEncoding = 4; lastKnownFileType = sourcecode.c.h; path = RoutePathTableViewController.h; sourceTree = "<group>"; };
		78B282C51C30FA6200EA579A /* RoutePathTableViewController.m */ = {isa = PBXFileReference; fileEncoding = 4; lastKnownFileType = sourcecode.c.objc; path = RoutePathTableViewController.m; sourceTree = "<group>"; };
		78B282C71C30FE7200EA579A /* HourDescriptionTableViewCell.h */ = {isa = PBXFileReference; fileEncoding = 4; lastKnownFileType = sourcecode.c.h; path = HourDescriptionTableViewCell.h; sourceTree = "<group>"; };
		78B282C81C30FE7200EA579A /* HourDescriptionTableViewCell.m */ = {isa = PBXFileReference; fileEncoding = 4; lastKnownFileType = sourcecode.c.objc; path = HourDescriptionTableViewCell.m; sourceTree = "<group>"; };
		78B323511C31A7540031A315 /* CompaniesCategory.h */ = {isa = PBXFileReference; fileEncoding = 4; lastKnownFileType = sourcecode.c.h; path = CompaniesCategory.h; sourceTree = "<group>"; };
		78B323521C31A7540031A315 /* CompaniesCategory.m */ = {isa = PBXFileReference; fileEncoding = 4; lastKnownFileType = sourcecode.c.objc; path = CompaniesCategory.m; sourceTree = "<group>"; };
		78B323541C31A7B20031A315 /* CompaniesCategoryTableViewController.h */ = {isa = PBXFileReference; fileEncoding = 4; lastKnownFileType = sourcecode.c.h; path = CompaniesCategoryTableViewController.h; sourceTree = "<group>"; };
		78B323551C31A7B20031A315 /* CompaniesCategoryTableViewController.m */ = {isa = PBXFileReference; fileEncoding = 4; lastKnownFileType = sourcecode.c.objc; path = CompaniesCategoryTableViewController.m; sourceTree = "<group>"; };
		78B323571C31ADC40031A315 /* picture_removed.png */ = {isa = PBXFileReference; lastKnownFileType = image.png; path = picture_removed.png; sourceTree = "<group>"; };
		78B323581C31ADC40031A315 /* picture.png */ = {isa = PBXFileReference; lastKnownFileType = image.png; path = picture.png; sourceTree = "<group>"; };
		78B3235B1C31B1E60031A315 /* CompaniesTableViewController.h */ = {isa = PBXFileReference; fileEncoding = 4; lastKnownFileType = sourcecode.c.h; path = CompaniesTableViewController.h; sourceTree = "<group>"; };
		78B3235C1C31B1E60031A315 /* CompaniesTableViewController.m */ = {isa = PBXFileReference; fileEncoding = 4; lastKnownFileType = sourcecode.c.objc; path = CompaniesTableViewController.m; sourceTree = "<group>"; };
		78B3235E1C31B2970031A315 /* Company.h */ = {isa = PBXFileReference; fileEncoding = 4; lastKnownFileType = sourcecode.c.h; path = Company.h; sourceTree = "<group>"; };
		78B3235F1C31B2970031A315 /* Company.m */ = {isa = PBXFileReference; fileEncoding = 4; lastKnownFileType = sourcecode.c.objc; path = Company.m; sourceTree = "<group>"; };
		78B323611C31B3A70031A315 /* CompanyTableViewCell.h */ = {isa = PBXFileReference; fileEncoding = 4; lastKnownFileType = sourcecode.c.h; path = CompanyTableViewCell.h; sourceTree = "<group>"; };
		78B323621C31B3A70031A315 /* CompanyTableViewCell.m */ = {isa = PBXFileReference; fileEncoding = 4; lastKnownFileType = sourcecode.c.objc; path = CompanyTableViewCell.m; sourceTree = "<group>"; };
		78B323641C31B8550031A315 /* map.png */ = {isa = PBXFileReference; lastKnownFileType = image.png; path = map.png; sourceTree = "<group>"; };
		78B323651C31B8550031A315 /* phone.png */ = {isa = PBXFileReference; lastKnownFileType = image.png; path = phone.png; sourceTree = "<group>"; };
		78BAFBB51C2F454500FEF250 /* Carriot.app */ = {isa = PBXFileReference; explicitFileType = wrapper.application; includeInIndex = 0; path = Carriot.app; sourceTree = BUILT_PRODUCTS_DIR; };
		78BAFBB91C2F454500FEF250 /* main.m */ = {isa = PBXFileReference; lastKnownFileType = sourcecode.c.objc; path = main.m; sourceTree = "<group>"; };
		78BAFBBB1C2F454500FEF250 /* AppDelegate.h */ = {isa = PBXFileReference; lastKnownFileType = sourcecode.c.h; path = AppDelegate.h; sourceTree = "<group>"; };
		78BAFBBC1C2F454500FEF250 /* AppDelegate.m */ = {isa = PBXFileReference; lastKnownFileType = sourcecode.c.objc; path = AppDelegate.m; sourceTree = "<group>"; };
		78BAFBC41C2F454500FEF250 /* Assets.xcassets */ = {isa = PBXFileReference; lastKnownFileType = folder.assetcatalog; path = Assets.xcassets; sourceTree = "<group>"; };
		78BAFBC71C2F454500FEF250 /* Base */ = {isa = PBXFileReference; lastKnownFileType = file.storyboard; name = Base; path = Base.lproj/LaunchScreen.storyboard; sourceTree = "<group>"; };
		78BAFBC91C2F454500FEF250 /* Info.plist */ = {isa = PBXFileReference; lastKnownFileType = text.plist.xml; path = Info.plist; sourceTree = "<group>"; };
		78BAFBCE1C2F454500FEF250 /* CarriotTests.xctest */ = {isa = PBXFileReference; explicitFileType = wrapper.cfbundle; includeInIndex = 0; path = CarriotTests.xctest; sourceTree = BUILT_PRODUCTS_DIR; };
		78BAFBD21C2F454500FEF250 /* CarriotTests.m */ = {isa = PBXFileReference; lastKnownFileType = sourcecode.c.objc; path = CarriotTests.m; sourceTree = "<group>"; };
		78BAFBD41C2F454500FEF250 /* Info.plist */ = {isa = PBXFileReference; lastKnownFileType = text.plist.xml; path = Info.plist; sourceTree = "<group>"; };
		78BAFBD91C2F454500FEF250 /* CarriotUITests.xctest */ = {isa = PBXFileReference; explicitFileType = wrapper.cfbundle; includeInIndex = 0; path = CarriotUITests.xctest; sourceTree = BUILT_PRODUCTS_DIR; };
		78BAFBDD1C2F454500FEF250 /* CarriotUITests.m */ = {isa = PBXFileReference; lastKnownFileType = sourcecode.c.objc; path = CarriotUITests.m; sourceTree = "<group>"; };
		78BAFBDF1C2F454500FEF250 /* Info.plist */ = {isa = PBXFileReference; lastKnownFileType = text.plist.xml; path = Info.plist; sourceTree = "<group>"; };
		78BAFBEC1C2F45F500FEF250 /* OptionTableViewCell.h */ = {isa = PBXFileReference; fileEncoding = 4; lastKnownFileType = sourcecode.c.h; path = OptionTableViewCell.h; sourceTree = "<group>"; };
		78BAFBED1C2F45F500FEF250 /* OptionTableViewCell.m */ = {isa = PBXFileReference; fileEncoding = 4; lastKnownFileType = sourcecode.c.objc; path = OptionTableViewCell.m; sourceTree = "<group>"; };
		78BAFBF31C2F46F500FEF250 /* OptionTableViewController.h */ = {isa = PBXFileReference; fileEncoding = 4; lastKnownFileType = sourcecode.c.h; path = OptionTableViewController.h; sourceTree = "<group>"; };
		78BAFBF41C2F46F500FEF250 /* OptionTableViewController.m */ = {isa = PBXFileReference; fileEncoding = 4; lastKnownFileType = sourcecode.c.objc; path = OptionTableViewController.m; sourceTree = "<group>"; };
		78EAE3491C2FA92100EC494D /* bus0.png */ = {isa = PBXFileReference; lastKnownFileType = image.png; path = bus0.png; sourceTree = "<group>"; };
		78EAE34A1C2FA92100EC494D /* bus1.png */ = {isa = PBXFileReference; lastKnownFileType = image.png; path = bus1.png; sourceTree = "<group>"; };
		78EAE34B1C2FA92100EC494D /* iglesia.png */ = {isa = PBXFileReference; lastKnownFileType = image.png; path = iglesia.png; sourceTree = "<group>"; };
		78EAE3511C2FAF5F00EC494D /* church.png */ = {isa = PBXFileReference; lastKnownFileType = image.png; path = church.png; sourceTree = "<group>"; };
		78EAE3521C2FAF5F00EC494D /* event.png */ = {isa = PBXFileReference; lastKnownFileType = image.png; path = event.png; sourceTree = "<group>"; };
		78EAE3531C2FAF5F00EC494D /* news.png */ = {isa = PBXFileReference; lastKnownFileType = image.png; path = news.png; sourceTree = "<group>"; };
		78EAE3541C2FAF5F00EC494D /* trash.png */ = {isa = PBXFileReference; lastKnownFileType = image.png; path = trash.png; sourceTree = "<group>"; };
		78EAE3591C2FAF9500EC494D /* building.png */ = {isa = PBXFileReference; lastKnownFileType = image.png; path = building.png; sourceTree = "<group>"; };
		78EAE35A1C2FAF9500EC494D /* facebook.png */ = {isa = PBXFileReference; lastKnownFileType = image.png; path = facebook.png; sourceTree = "<group>"; };
		78EAE35B1C2FAF9500EC494D /* history.png */ = {isa = PBXFileReference; lastKnownFileType = image.png; path = history.png; sourceTree = "<group>"; };
		78EAE35C1C2FAF9500EC494D /* message.png */ = {isa = PBXFileReference; lastKnownFileType = image.png; path = message.png; sourceTree = "<group>"; };
		78EAE35D1C2FAF9500EC494D /* routes.png */ = {isa = PBXFileReference; lastKnownFileType = image.png; path = routes.png; sourceTree = "<group>"; };
		78EAE35E1C2FAF9500EC494D /* website.png */ = {isa = PBXFileReference; lastKnownFileType = image.png; path = website.png; sourceTree = "<group>"; };
		78EAE3661C2FAFF600EC494D /* Option.h */ = {isa = PBXFileReference; fileEncoding = 4; lastKnownFileType = sourcecode.c.h; path = Option.h; sourceTree = "<group>"; };
		78EAE3671C2FAFF600EC494D /* Option.m */ = {isa = PBXFileReference; fileEncoding = 4; lastKnownFileType = sourcecode.c.objc; path = Option.m; sourceTree = "<group>"; };
		78EAE3691C2FB0DF00EC494D /* resources.plist */ = {isa = PBXFileReference; fileEncoding = 4; lastKnownFileType = text.plist.xml; path = resources.plist; sourceTree = "<group>"; };
/* End PBXFileReference section */

/* Begin PBXFrameworksBuildPhase section */
		78BAFBB21C2F454500FEF250 /* Frameworks */ = {
			isa = PBXFrameworksBuildPhase;
			buildActionMask = 2147483647;
			files = (
				78B282A11C308AA700EA579A /* WindowsAzureMobileServices.framework in Frameworks */,
			);
			runOnlyForDeploymentPostprocessing = 0;
		};
		78BAFBCB1C2F454500FEF250 /* Frameworks */ = {
			isa = PBXFrameworksBuildPhase;
			buildActionMask = 2147483647;
			files = (
			);
			runOnlyForDeploymentPostprocessing = 0;
		};
		78BAFBD61C2F454500FEF250 /* Frameworks */ = {
			isa = PBXFrameworksBuildPhase;
			buildActionMask = 2147483647;
			files = (
			);
			runOnlyForDeploymentPostprocessing = 0;
		};
/* End PBXFrameworksBuildPhase section */

/* Begin PBXGroup section */
		78BAFBAC1C2F454500FEF250 = {
			isa = PBXGroup;
			children = (
				78BAFBB71C2F454500FEF250 /* Carriot */,
				78BAFBD11C2F454500FEF250 /* CarriotTests */,
				78BAFBDC1C2F454500FEF250 /* CarriotUITests */,
				78BAFBB61C2F454500FEF250 /* Products */,
			);
			sourceTree = "<group>";
		};
		78BAFBB61C2F454500FEF250 /* Products */ = {
			isa = PBXGroup;
			children = (
				78BAFBB51C2F454500FEF250 /* Carriot.app */,
				78BAFBCE1C2F454500FEF250 /* CarriotTests.xctest */,
				78BAFBD91C2F454500FEF250 /* CarriotUITests.xctest */,
			);
			name = Products;
			sourceTree = "<group>";
		};
		78BAFBB71C2F454500FEF250 /* Carriot */ = {
			isa = PBXGroup;
			children = (
				78B282A01C308AA700EA579A /* WindowsAzureMobileServices.framework */,
				78BAFBF61C2F476300FEF250 /* img */,
				78EAE3651C2FAFE800EC494D /* Model */,
				78BAFBEF1C2F468B00FEF250 /* Controller */,
				78BAFBEB1C2F45E100FEF250 /* TableViewCell */,
				78BAFBBB1C2F454500FEF250 /* AppDelegate.h */,
				78BAFBBC1C2F454500FEF250 /* AppDelegate.m */,
				78BAFBC41C2F454500FEF250 /* Assets.xcassets */,
				78BAFBC61C2F454500FEF250 /* LaunchScreen.storyboard */,
				78B282941C3086C300EA579A /* Main.storyboard */,
				78BAFBC91C2F454500FEF250 /* Info.plist */,
				78BAFBB81C2F454500FEF250 /* Supporting Files */,
				78EAE3691C2FB0DF00EC494D /* resources.plist */,
			);
			path = Carriot;
			sourceTree = "<group>";
		};
		78BAFBB81C2F454500FEF250 /* Supporting Files */ = {
			isa = PBXGroup;
			children = (
				78BAFBB91C2F454500FEF250 /* main.m */,
			);
			name = "Supporting Files";
			sourceTree = "<group>";
		};
		78BAFBD11C2F454500FEF250 /* CarriotTests */ = {
			isa = PBXGroup;
			children = (
				78BAFBD21C2F454500FEF250 /* CarriotTests.m */,
				78BAFBD41C2F454500FEF250 /* Info.plist */,
			);
			path = CarriotTests;
			sourceTree = "<group>";
		};
		78BAFBDC1C2F454500FEF250 /* CarriotUITests */ = {
			isa = PBXGroup;
			children = (
				78BAFBDD1C2F454500FEF250 /* CarriotUITests.m */,
				78BAFBDF1C2F454500FEF250 /* Info.plist */,
			);
			path = CarriotUITests;
			sourceTree = "<group>";
		};
		78BAFBEB1C2F45E100FEF250 /* TableViewCell */ = {
			isa = PBXGroup;
			children = (
				78BAFBEC1C2F45F500FEF250 /* OptionTableViewCell.h */,
				78BAFBED1C2F45F500FEF250 /* OptionTableViewCell.m */,
				78B282C71C30FE7200EA579A /* HourDescriptionTableViewCell.h */,
				78B282C81C30FE7200EA579A /* HourDescriptionTableViewCell.m */,
				78B323611C31B3A70031A315 /* CompanyTableViewCell.h */,
				78B323621C31B3A70031A315 /* CompanyTableViewCell.m */,
			);
			name = TableViewCell;
			sourceTree = "<group>";
		};
		78BAFBEF1C2F468B00FEF250 /* Controller */ = {
			isa = PBXGroup;
			children = (
				78BAFBF31C2F46F500FEF250 /* OptionTableViewController.h */,
				78BAFBF41C2F46F500FEF250 /* OptionTableViewController.m */,
				78B2829D1C308A5100EA579A /* RouteTableViewController.h */,
				78B2829E1C308A5100EA579A /* RouteTableViewController.m */,
				78B282A81C30D75400EA579A /* ScheduleTableViewController.h */,
				78B282A91C30D75400EA579A /* ScheduleTableViewController.m */,
				78B282C41C30FA6200EA579A /* RoutePathTableViewController.h */,
				78B282C51C30FA6200EA579A /* RoutePathTableViewController.m */,
				78B323541C31A7B20031A315 /* CompaniesCategoryTableViewController.h */,
				78B323551C31A7B20031A315 /* CompaniesCategoryTableViewController.m */,
				78B3235B1C31B1E60031A315 /* CompaniesTableViewController.h */,
				78B3235C1C31B1E60031A315 /* CompaniesTableViewController.m */,
			);
			name = Controller;
			sourceTree = "<group>";
		};
		78BAFBF61C2F476300FEF250 /* img */ = {
			isa = PBXGroup;
			children = (
				7867B0C91C322E000001115D /* sad.png */,
				78B323641C31B8550031A315 /* map.png */,
				78B323651C31B8550031A315 /* phone.png */,
				78B323571C31ADC40031A315 /* picture_removed.png */,
				78B323581C31ADC40031A315 /* picture.png */,
				78B282AB1C30EEDE00EA579A /* calendar0.png */,
				78B282AC1C30EEDE00EA579A /* calendar1.png */,
				78B282AD1C30EEDE00EA579A /* calendar2.png */,
				78B282AE1C30EEDE00EA579A /* calendar3.png */,
				78B282AF1C30EEDE00EA579A /* calendar4.png */,
				78B282B01C30EEDE00EA579A /* calendar5.png */,
				78B282B11C30EEDE00EA579A /* calendar6.png */,
				78B282B21C30EEDE00EA579A /* calendar7.png */,
				78B282B31C30EEDE00EA579A /* calendar8.png */,
				78B282B41C30EEDE00EA579A /* calendar9.png */,
				78B282B51C30EEDE00EA579A /* calendar10.png */,
				78EAE3591C2FAF9500EC494D /* building.png */,
				78EAE35A1C2FAF9500EC494D /* facebook.png */,
				78EAE35B1C2FAF9500EC494D /* history.png */,
				78EAE35C1C2FAF9500EC494D /* message.png */,
				78EAE35D1C2FAF9500EC494D /* routes.png */,
				78EAE35E1C2FAF9500EC494D /* website.png */,
				78EAE3511C2FAF5F00EC494D /* church.png */,
				78EAE3521C2FAF5F00EC494D /* event.png */,
				78EAE3531C2FAF5F00EC494D /* news.png */,
				78EAE3541C2FAF5F00EC494D /* trash.png */,
				78EAE3491C2FA92100EC494D /* bus0.png */,
				78EAE34A1C2FA92100EC494D /* bus1.png */,
				78EAE34B1C2FA92100EC494D /* iglesia.png */,
			);
			name = img;
			sourceTree = "<group>";
		};
		78EAE3651C2FAFE800EC494D /* Model */ = {
			isa = PBXGroup;
			children = (
				78EAE3661C2FAFF600EC494D /* Option.h */,
				78EAE3671C2FAFF600EC494D /* Option.m */,
				78B282A21C30D37200EA579A /* Route.h */,
				78B282A31C30D37200EA579A /* Route.m */,
				78B282A51C30D6EC00EA579A /* Schedule.h */,
				78B282A61C30D6EC00EA579A /* Schedule.m */,
				78B282C11C30F8C300EA579A /* RoutePath.h */,
				78B282C21C30F8C300EA579A /* RoutePath.m */,
				78B323511C31A7540031A315 /* CompaniesCategory.h */,
				78B323521C31A7540031A315 /* CompaniesCategory.m */,
				78B3235E1C31B2970031A315 /* Company.h */,
				78B3235F1C31B2970031A315 /* Company.m */,
			);
			name = Model;
			sourceTree = "<group>";
		};
/* End PBXGroup section */

/* Begin PBXNativeTarget section */
		78BAFBB41C2F454500FEF250 /* Carriot */ = {
			isa = PBXNativeTarget;
			buildConfigurationList = 78BAFBE21C2F454500FEF250 /* Build configuration list for PBXNativeTarget "Carriot" */;
			buildPhases = (
				78BAFBB11C2F454500FEF250 /* Sources */,
				78BAFBB21C2F454500FEF250 /* Frameworks */,
				78BAFBB31C2F454500FEF250 /* Resources */,
			);
			buildRules = (
			);
			dependencies = (
			);
			name = Carriot;
			productName = Carriot;
			productReference = 78BAFBB51C2F454500FEF250 /* Carriot.app */;
			productType = "com.apple.product-type.application";
		};
		78BAFBCD1C2F454500FEF250 /* CarriotTests */ = {
			isa = PBXNativeTarget;
			buildConfigurationList = 78BAFBE51C2F454500FEF250 /* Build configuration list for PBXNativeTarget "CarriotTests" */;
			buildPhases = (
				78BAFBCA1C2F454500FEF250 /* Sources */,
				78BAFBCB1C2F454500FEF250 /* Frameworks */,
				78BAFBCC1C2F454500FEF250 /* Resources */,
			);
			buildRules = (
			);
			dependencies = (
				78BAFBD01C2F454500FEF250 /* PBXTargetDependency */,
			);
			name = CarriotTests;
			productName = CarriotTests;
			productReference = 78BAFBCE1C2F454500FEF250 /* CarriotTests.xctest */;
			productType = "com.apple.product-type.bundle.unit-test";
		};
		78BAFBD81C2F454500FEF250 /* CarriotUITests */ = {
			isa = PBXNativeTarget;
			buildConfigurationList = 78BAFBE81C2F454500FEF250 /* Build configuration list for PBXNativeTarget "CarriotUITests" */;
			buildPhases = (
				78BAFBD51C2F454500FEF250 /* Sources */,
				78BAFBD61C2F454500FEF250 /* Frameworks */,
				78BAFBD71C2F454500FEF250 /* Resources */,
			);
			buildRules = (
			);
			dependencies = (
				78BAFBDB1C2F454500FEF250 /* PBXTargetDependency */,
			);
			name = CarriotUITests;
			productName = CarriotUITests;
			productReference = 78BAFBD91C2F454500FEF250 /* CarriotUITests.xctest */;
			productType = "com.apple.product-type.bundle.ui-testing";
		};
/* End PBXNativeTarget section */

/* Begin PBXProject section */
		78BAFBAD1C2F454500FEF250 /* Project object */ = {
			isa = PBXProject;
			attributes = {
				LastUpgradeCheck = 0720;
				ORGANIZATIONNAME = user;
				TargetAttributes = {
					78BAFBB41C2F454500FEF250 = {
						CreatedOnToolsVersion = 7.2;
					};
					78BAFBCD1C2F454500FEF250 = {
						CreatedOnToolsVersion = 7.2;
						TestTargetID = 78BAFBB41C2F454500FEF250;
					};
					78BAFBD81C2F454500FEF250 = {
						CreatedOnToolsVersion = 7.2;
						TestTargetID = 78BAFBB41C2F454500FEF250;
					};
				};
			};
			buildConfigurationList = 78BAFBB01C2F454500FEF250 /* Build configuration list for PBXProject "Carriot" */;
			compatibilityVersion = "Xcode 3.2";
			developmentRegion = English;
			hasScannedForEncodings = 0;
			knownRegions = (
				en,
				Base,
			);
			mainGroup = 78BAFBAC1C2F454500FEF250;
			productRefGroup = 78BAFBB61C2F454500FEF250 /* Products */;
			projectDirPath = "";
			projectRoot = "";
			targets = (
				78BAFBB41C2F454500FEF250 /* Carriot */,
				78BAFBCD1C2F454500FEF250 /* CarriotTests */,
				78BAFBD81C2F454500FEF250 /* CarriotUITests */,
			);
		};
/* End PBXProject section */

/* Begin PBXResourcesBuildPhase section */
		78BAFBB31C2F454500FEF250 /* Resources */ = {
			isa = PBXResourcesBuildPhase;
			buildActionMask = 2147483647;
			files = (
				78EAE3631C2FAF9500EC494D /* routes.png in Resources */,
				78B282B91C30EEDE00EA579A /* calendar3.png in Resources */,
				78EAE3641C2FAF9500EC494D /* website.png in Resources */,
				78EAE35F1C2FAF9500EC494D /* building.png in Resources */,
				78EAE3621C2FAF9500EC494D /* message.png in Resources */,
				78EAE3601C2FAF9500EC494D /* facebook.png in Resources */,
				78EAE3551C2FAF5F00EC494D /* church.png in Resources */,
				78B282961C3086C300EA579A /* Main.storyboard in Resources */,
				78B282C01C30EEDE00EA579A /* calendar10.png in Resources */,
				78BAFBC81C2F454500FEF250 /* LaunchScreen.storyboard in Resources */,
				78B323661C31B8550031A315 /* map.png in Resources */,
				78B282B81C30EEDE00EA579A /* calendar2.png in Resources */,
				78EAE3571C2FAF5F00EC494D /* news.png in Resources */,
				78EAE34D1C2FA92100EC494D /* bus1.png in Resources */,
				78EAE34C1C2FA92100EC494D /* bus0.png in Resources */,
				78B282BB1C30EEDE00EA579A /* calendar5.png in Resources */,
				78BAFBC51C2F454500FEF250 /* Assets.xcassets in Resources */,
				78EAE34E1C2FA92100EC494D /* iglesia.png in Resources */,
				78B323591C31ADC40031A315 /* picture_removed.png in Resources */,
				78B282BC1C30EEDE00EA579A /* calendar6.png in Resources */,
				78EAE3561C2FAF5F00EC494D /* event.png in Resources */,
				78B282BE1C30EEDE00EA579A /* calendar8.png in Resources */,
				78B323671C31B8550031A315 /* phone.png in Resources */,
				78EAE36A1C2FB0DF00EC494D /* resources.plist in Resources */,
				78EAE3611C2FAF9500EC494D /* history.png in Resources */,
				78B282BA1C30EEDE00EA579A /* calendar4.png in Resources */,
				78B282B61C30EEDE00EA579A /* calendar0.png in Resources */,
				78EAE3581C2FAF5F00EC494D /* trash.png in Resources */,
				78B3235A1C31ADC40031A315 /* picture.png in Resources */,
				78B282BD1C30EEDE00EA579A /* calendar7.png in Resources */,
				7867B0CA1C322E000001115D /* sad.png in Resources */,
				78B282BF1C30EEDE00EA579A /* calendar9.png in Resources */,
				78B282B71C30EEDE00EA579A /* calendar1.png in Resources */,
			);
			runOnlyForDeploymentPostprocessing = 0;
		};
		78BAFBCC1C2F454500FEF250 /* Resources */ = {
			isa = PBXResourcesBuildPhase;
			buildActionMask = 2147483647;
			files = (
			);
			runOnlyForDeploymentPostprocessing = 0;
		};
		78BAFBD71C2F454500FEF250 /* Resources */ = {
			isa = PBXResourcesBuildPhase;
			buildActionMask = 2147483647;
			files = (
			);
			runOnlyForDeploymentPostprocessing = 0;
		};
/* End PBXResourcesBuildPhase section */

/* Begin PBXSourcesBuildPhase section */
		78BAFBB11C2F454500FEF250 /* Sources */ = {
			isa = PBXSourcesBuildPhase;
			buildActionMask = 2147483647;
			files = (
				78B282C31C30F8C300EA579A /* RoutePath.m in Sources */,
				78BAFBEE1C2F45F500FEF250 /* OptionTableViewCell.m in Sources */,
				78BAFBBD1C2F454500FEF250 /* AppDelegate.m in Sources */,
				78B282C61C30FA6200EA579A /* RoutePathTableViewController.m in Sources */,
				78B282A71C30D6EC00EA579A /* Schedule.m in Sources */,
				78B323631C31B3A70031A315 /* CompanyTableViewCell.m in Sources */,
				78B323561C31A7B20031A315 /* CompaniesCategoryTableViewController.m in Sources */,
				78EAE3681C2FAFF600EC494D /* Option.m in Sources */,
				78B282C91C30FE7200EA579A /* HourDescriptionTableViewCell.m in Sources */,
				78B323531C31A7540031A315 /* CompaniesCategory.m in Sources */,
				78B2829F1C308A5100EA579A /* RouteTableViewController.m in Sources */,
				78B3235D1C31B1E60031A315 /* CompaniesTableViewController.m in Sources */,
				78B323601C31B2970031A315 /* Company.m in Sources */,
				78BAFBF51C2F46F500FEF250 /* OptionTableViewController.m in Sources */,
				78BAFBBA1C2F454500FEF250 /* main.m in Sources */,
				78B282A41C30D37200EA579A /* Route.m in Sources */,
				78B282AA1C30D75400EA579A /* ScheduleTableViewController.m in Sources */,
			);
			runOnlyForDeploymentPostprocessing = 0;
		};
		78BAFBCA1C2F454500FEF250 /* Sources */ = {
			isa = PBXSourcesBuildPhase;
			buildActionMask = 2147483647;
			files = (
				78BAFBD31C2F454500FEF250 /* CarriotTests.m in Sources */,
			);
			runOnlyForDeploymentPostprocessing = 0;
		};
		78BAFBD51C2F454500FEF250 /* Sources */ = {
			isa = PBXSourcesBuildPhase;
			buildActionMask = 2147483647;
			files = (
				78BAFBDE1C2F454500FEF250 /* CarriotUITests.m in Sources */,
			);
			runOnlyForDeploymentPostprocessing = 0;
		};
/* End PBXSourcesBuildPhase section */

/* Begin PBXTargetDependency section */
		78BAFBD01C2F454500FEF250 /* PBXTargetDependency */ = {
			isa = PBXTargetDependency;
			target = 78BAFBB41C2F454500FEF250 /* Carriot */;
			targetProxy = 78BAFBCF1C2F454500FEF250 /* PBXContainerItemProxy */;
		};
		78BAFBDB1C2F454500FEF250 /* PBXTargetDependency */ = {
			isa = PBXTargetDependency;
			target = 78BAFBB41C2F454500FEF250 /* Carriot */;
			targetProxy = 78BAFBDA1C2F454500FEF250 /* PBXContainerItemProxy */;
		};
/* End PBXTargetDependency section */

/* Begin PBXVariantGroup section */
		78B282941C3086C300EA579A /* Main.storyboard */ = {
			isa = PBXVariantGroup;
			children = (
				78B282951C3086C300EA579A /* Base */,
			);
			name = Main.storyboard;
			sourceTree = "<group>";
		};
		78BAFBC61C2F454500FEF250 /* LaunchScreen.storyboard */ = {
			isa = PBXVariantGroup;
			children = (
				78BAFBC71C2F454500FEF250 /* Base */,
			);
			name = LaunchScreen.storyboard;
			sourceTree = "<group>";
		};
/* End PBXVariantGroup section */

/* Begin XCBuildConfiguration section */
		78BAFBE01C2F454500FEF250 /* Debug */ = {
			isa = XCBuildConfiguration;
			buildSettings = {
				ALWAYS_SEARCH_USER_PATHS = NO;
				CLANG_CXX_LANGUAGE_STANDARD = "gnu++0x";
				CLANG_CXX_LIBRARY = "libc++";
				CLANG_ENABLE_MODULES = YES;
				CLANG_ENABLE_OBJC_ARC = YES;
				CLANG_WARN_BOOL_CONVERSION = YES;
				CLANG_WARN_CONSTANT_CONVERSION = YES;
				CLANG_WARN_DIRECT_OBJC_ISA_USAGE = YES_ERROR;
				CLANG_WARN_EMPTY_BODY = YES;
				CLANG_WARN_ENUM_CONVERSION = YES;
				CLANG_WARN_INT_CONVERSION = YES;
				CLANG_WARN_OBJC_ROOT_CLASS = YES_ERROR;
				CLANG_WARN_UNREACHABLE_CODE = YES;
				CLANG_WARN__DUPLICATE_METHOD_MATCH = YES;
				"CODE_SIGN_IDENTITY[sdk=iphoneos*]" = "iPhone Developer";
				COPY_PHASE_STRIP = NO;
				DEBUG_INFORMATION_FORMAT = dwarf;
				ENABLE_STRICT_OBJC_MSGSEND = YES;
				ENABLE_TESTABILITY = YES;
				GCC_C_LANGUAGE_STANDARD = gnu99;
				GCC_DYNAMIC_NO_PIC = NO;
				GCC_NO_COMMON_BLOCKS = YES;
				GCC_OPTIMIZATION_LEVEL = 0;
				GCC_PREPROCESSOR_DEFINITIONS = (
					"DEBUG=1",
					"$(inherited)",
				);
				GCC_WARN_64_TO_32_BIT_CONVERSION = YES;
				GCC_WARN_ABOUT_RETURN_TYPE = YES_ERROR;
				GCC_WARN_UNDECLARED_SELECTOR = YES;
				GCC_WARN_UNINITIALIZED_AUTOS = YES_AGGRESSIVE;
				GCC_WARN_UNUSED_FUNCTION = YES;
				GCC_WARN_UNUSED_VARIABLE = YES;
				IPHONEOS_DEPLOYMENT_TARGET = 9.2;
				MTL_ENABLE_DEBUG_INFO = YES;
				ONLY_ACTIVE_ARCH = YES;
				SDKROOT = iphoneos;
			};
			name = Debug;
		};
		78BAFBE11C2F454500FEF250 /* Release */ = {
			isa = XCBuildConfiguration;
			buildSettings = {
				ALWAYS_SEARCH_USER_PATHS = NO;
				CLANG_CXX_LANGUAGE_STANDARD = "gnu++0x";
				CLANG_CXX_LIBRARY = "libc++";
				CLANG_ENABLE_MODULES = YES;
				CLANG_ENABLE_OBJC_ARC = YES;
				CLANG_WARN_BOOL_CONVERSION = YES;
				CLANG_WARN_CONSTANT_CONVERSION = YES;
				CLANG_WARN_DIRECT_OBJC_ISA_USAGE = YES_ERROR;
				CLANG_WARN_EMPTY_BODY = YES;
				CLANG_WARN_ENUM_CONVERSION = YES;
				CLANG_WARN_INT_CONVERSION = YES;
				CLANG_WARN_OBJC_ROOT_CLASS = YES_ERROR;
				CLANG_WARN_UNREACHABLE_CODE = YES;
				CLANG_WARN__DUPLICATE_METHOD_MATCH = YES;
				"CODE_SIGN_IDENTITY[sdk=iphoneos*]" = "iPhone Developer";
				COPY_PHASE_STRIP = NO;
				DEBUG_INFORMATION_FORMAT = "dwarf-with-dsym";
				ENABLE_NS_ASSERTIONS = NO;
				ENABLE_STRICT_OBJC_MSGSEND = YES;
				GCC_C_LANGUAGE_STANDARD = gnu99;
				GCC_NO_COMMON_BLOCKS = YES;
				GCC_WARN_64_TO_32_BIT_CONVERSION = YES;
				GCC_WARN_ABOUT_RETURN_TYPE = YES_ERROR;
				GCC_WARN_UNDECLARED_SELECTOR = YES;
				GCC_WARN_UNINITIALIZED_AUTOS = YES_AGGRESSIVE;
				GCC_WARN_UNUSED_FUNCTION = YES;
				GCC_WARN_UNUSED_VARIABLE = YES;
				IPHONEOS_DEPLOYMENT_TARGET = 9.2;
				MTL_ENABLE_DEBUG_INFO = NO;
				SDKROOT = iphoneos;
				VALIDATE_PRODUCT = YES;
			};
			name = Release;
		};
		78BAFBE31C2F454500FEF250 /* Debug */ = {
			isa = XCBuildConfiguration;
			buildSettings = {
				ASSETCATALOG_COMPILER_APPICON_NAME = AppIcon;
				FRAMEWORK_SEARCH_PATHS = (
					"$(inherited)",
					"$(PROJECT_DIR)/Carriot",
				);
				INFOPLIST_FILE = Carriot/Info.plist;
				LD_RUNPATH_SEARCH_PATHS = "$(inherited) @executable_path/Frameworks";
				PRODUCT_BUNDLE_IDENTIFIER = nansoft.Carriot;
				PRODUCT_NAME = "$(TARGET_NAME)";
			};
			name = Debug;
		};
		78BAFBE41C2F454500FEF250 /* Release */ = {
			isa = XCBuildConfiguration;
			buildSettings = {
				ASSETCATALOG_COMPILER_APPICON_NAME = AppIcon;
				FRAMEWORK_SEARCH_PATHS = (
					"$(inherited)",
					"$(PROJECT_DIR)/Carriot",
				);
				INFOPLIST_FILE = Carriot/Info.plist;
				LD_RUNPATH_SEARCH_PATHS = "$(inherited) @executable_path/Frameworks";
				PRODUCT_BUNDLE_IDENTIFIER = nansoft.Carriot;
				PRODUCT_NAME = "$(TARGET_NAME)";
			};
			name = Release;
		};
		78BAFBE61C2F454500FEF250 /* Debug */ = {
			isa = XCBuildConfiguration;
			buildSettings = {
				BUNDLE_LOADER = "$(TEST_HOST)";
				INFOPLIST_FILE = CarriotTests/Info.plist;
				LD_RUNPATH_SEARCH_PATHS = "$(inherited) @executable_path/Frameworks @loader_path/Frameworks";
				PRODUCT_BUNDLE_IDENTIFIER = nansoft.CarriotTests;
				PRODUCT_NAME = "$(TARGET_NAME)";
				TEST_HOST = "$(BUILT_PRODUCTS_DIR)/Carriot.app/Carriot";
			};
			name = Debug;
		};
		78BAFBE71C2F454500FEF250 /* Release */ = {
			isa = XCBuildConfiguration;
			buildSettings = {
				BUNDLE_LOADER = "$(TEST_HOST)";
				INFOPLIST_FILE = CarriotTests/Info.plist;
				LD_RUNPATH_SEARCH_PATHS = "$(inherited) @executable_path/Frameworks @loader_path/Frameworks";
				PRODUCT_BUNDLE_IDENTIFIER = nansoft.CarriotTests;
				PRODUCT_NAME = "$(TARGET_NAME)";
				TEST_HOST = "$(BUILT_PRODUCTS_DIR)/Carriot.app/Carriot";
			};
			name = Release;
		};
		78BAFBE91C2F454500FEF250 /* Debug */ = {
			isa = XCBuildConfiguration;
			buildSettings = {
				INFOPLIST_FILE = CarriotUITests/Info.plist;
				LD_RUNPATH_SEARCH_PATHS = "$(inherited) @executable_path/Frameworks @loader_path/Frameworks";
				PRODUCT_BUNDLE_IDENTIFIER = nansoft.CarriotUITests;
				PRODUCT_NAME = "$(TARGET_NAME)";
				TEST_TARGET_NAME = Carriot;
				USES_XCTRUNNER = YES;
			};
			name = Debug;
		};
		78BAFBEA1C2F454500FEF250 /* Release */ = {
			isa = XCBuildConfiguration;
			buildSettings = {
				INFOPLIST_FILE = CarriotUITests/Info.plist;
				LD_RUNPATH_SEARCH_PATHS = "$(inherited) @executable_path/Frameworks @loader_path/Frameworks";
				PRODUCT_BUNDLE_IDENTIFIER = nansoft.CarriotUITests;
				PRODUCT_NAME = "$(TARGET_NAME)";
				TEST_TARGET_NAME = Carriot;
				USES_XCTRUNNER = YES;
			};
			name = Release;
		};
/* End XCBuildConfiguration section */

/* Begin XCConfigurationList section */
		78BAFBB01C2F454500FEF250 /* Build configuration list for PBXProject "Carriot" */ = {
			isa = XCConfigurationList;
			buildConfigurations = (
				78BAFBE01C2F454500FEF250 /* Debug */,
				78BAFBE11C2F454500FEF250 /* Release */,
			);
			defaultConfigurationIsVisible = 0;
			defaultConfigurationName = Release;
		};
		78BAFBE21C2F454500FEF250 /* Build configuration list for PBXNativeTarget "Carriot" */ = {
			isa = XCConfigurationList;
			buildConfigurations = (
				78BAFBE31C2F454500FEF250 /* Debug */,
				78BAFBE41C2F454500FEF250 /* Release */,
			);
			defaultConfigurationIsVisible = 0;
			defaultConfigurationName = Release;
		};
		78BAFBE51C2F454500FEF250 /* Build configuration list for PBXNativeTarget "CarriotTests" */ = {
			isa = XCConfigurationList;
			buildConfigurations = (
				78BAFBE61C2F454500FEF250 /* Debug */,
				78BAFBE71C2F454500FEF250 /* Release */,
			);
			defaultConfigurationIsVisible = 0;
			defaultConfigurationName = Release;
		};
		78BAFBE81C2F454500FEF250 /* Build configuration list for PBXNativeTarget "CarriotUITests" */ = {
			isa = XCConfigurationList;
			buildConfigurations = (
				78BAFBE91C2F454500FEF250 /* Debug */,
				78BAFBEA1C2F454500FEF250 /* Release */,
			);
			defaultConfigurationIsVisible = 0;
			defaultConfigurationName = Release;
		};
/* End XCConfigurationList section */
	};
	rootObject = 78BAFBAD1C2F454500FEF250 /* Project object */;
}
